
Microsoft Visual Studio Solution File, Format Version 12.00
# Visual Studio Version 17
VisualStudioVersion = 17.5.33530.505
MinimumVisualStudioVersion = 10.0.40219.1
Project("{FAE04EC0-301F-11D3-BF4B-00C04F79EFBC}") = "MessageBroker", "MessageBroker.csproj", "{6273CD30-6F85-45BC-9A5E-AF027EEA7B67}"
EndProject
Global
	GlobalSection(SolutionConfigurationPlatforms) = preSolution
		Debug|Any CPU = Debug|Any CPU
		Release|Any CPU = Release|Any CPU
	EndGlobalSection
	GlobalSection(ProjectConfigurationPlatforms) = postSolution
		{6273CD30-6F85-45BC-9A5E-AF027EEA7B67}.Debug|Any CPU.ActiveCfg = Debug|Any CPU
		{6273CD30-6F85-45BC-9A5E-AF027EEA7B67}.Debug|Any CPU.Build.0 = Debug|Any CPU
		{6273CD30-6F85-45BC-9A5E-AF027EEA7B67}.Release|Any CPU.ActiveCfg = Release|Any CPU
		{6273CD30-6F85-45BC-9A5E-AF027EEA7B67}.Release|Any CPU.Build.0 = Release|Any CPU
	EndGlobalSection
	GlobalSection(SolutionProperties) = preSolution
		HideSolutionNode = FALSE
	EndGlobalSection
	GlobalSection(ExtensibilityGlobals) = postSolution
		SolutionGuid = {BC29920F-9731-41EA-AFF6-0E1A7954EB4A}
	EndGlobalSection
EndGlobal
